
Microsoft Visual Studio Solution File, Format Version 12.00
# Visual Studio Version 17
VisualStudioVersion = 17.10.35122.118
MinimumVisualStudioVersion = 10.0.40219.1
Project("{8BC9CEB8-8B4A-11D0-8D11-00A0C91BC942}") = "Task 2", "Task 2.vcxproj", "{BCFFD26F-CDD7-49DD-B8FC-A001B7833295}"
EndProject
Global
	GlobalSection(SolutionConfigurationPlatforms) = preSolution
		Debug|x64 = Debug|x64
		Debug|x86 = Debug|x86
		Release|x64 = Release|x64
		Release|x86 = Release|x86
	EndGlobalSection
	GlobalSection(ProjectConfigurationPlatforms) = postSolution
		{BCFFD26F-CDD7-49DD-B8FC-A001B7833295}.Debug|x64.ActiveCfg = Debug|x64
		{BCFFD26F-CDD7-49DD-B8FC-A001B7833295}.Debug|x64.Build.0 = Debug|x64
		{BCFFD26F-CDD7-49DD-B8FC-A001B7833295}.Debug|x86.ActiveCfg = Debug|Win32
		{BCFFD26F-CDD7-49DD-B8FC-A001B7833295}.Debug|x86.Build.0 = Debug|Win32
		{BCFFD26F-CDD7-49DD-B8FC-A001B7833295}.Release|x64.ActiveCfg = Release|x64
		{BCFFD26F-CDD7-49DD-B8FC-A001B7833295}.Release|x64.Build.0 = Release|x64
		{BCFFD26F-CDD7-49DD-B8FC-A001B7833295}.Release|x86.ActiveCfg = Release|Win32
		{BCFFD26F-CDD7-49DD-B8FC-A001B7833295}.Release|x86.Build.0 = Release|Win32
	EndGlobalSection
	GlobalSection(SolutionProperties) = preSolution
		HideSolutionNode = FALSE
	EndGlobalSection
	GlobalSection(ExtensibilityGlobals) = postSolution
		SolutionGuid = {AB58DF97-64CB-4AEE-8054-B1CBBBE7D06A}
	EndGlobalSection
EndGlobal
